# This file is automatically @generated by Cargo.
# It is not intended for manual editing.
version = 4

[[package]]
name = "maku"
version = "0.1.0"

[[package]]
name = "maku-mesh-touhou"
version = "0.1.0"
dependencies = [
 "maku",
]

[[package]]
name = "maku-public-api-smoke"
version = "0.0.0"
dependencies = [
 "maku",
 "maku-mesh-touhou",
]
